
Microsoft Visual Studio Solution File, Format Version 12.00
# Visual Studio 15
VisualStudioVersion = 15.0.27428.2027
MinimumVisualStudioVersion = 10.0.40219.1
Project("{8BC9CEB8-8B4A-11D0-8D11-00A0C91BC942}") = "testGit", "testGit\testGit.vcxproj", "{69F1B05D-0073-4A33-A09E-7E7724356CEF}"
EndProject
Global
	GlobalSection(SolutionConfigurationPlatforms) = preSolution
		Debug|x64 = Debug|x64
		Debug|x86 = Debug|x86
		Release|x64 = Release|x64
		Release|x86 = Release|x86
	EndGlobalSection
	GlobalSection(ProjectConfigurationPlatforms) = postSolution
		{69F1B05D-0073-4A33-A09E-7E7724356CEF}.Debug|x64.ActiveCfg = Debug|x64
		{69F1B05D-0073-4A33-A09E-7E7724356CEF}.Debug|x64.Build.0 = Debug|x64
		{69F1B05D-0073-4A33-A09E-7E7724356CEF}.Debug|x86.ActiveCfg = Debug|Win32
		{69F1B05D-0073-4A33-A09E-7E7724356CEF}.Debug|x86.Build.0 = Debug|Win32
		{69F1B05D-0073-4A33-A09E-7E7724356CEF}.Release|x64.ActiveCfg = Release|x64
		{69F1B05D-0073-4A33-A09E-7E7724356CEF}.Release|x64.Build.0 = Release|x64
		{69F1B05D-0073-4A33-A09E-7E7724356CEF}.Release|x86.ActiveCfg = Release|Win32
		{69F1B05D-0073-4A33-A09E-7E7724356CEF}.Release|x86.Build.0 = Release|Win32
	EndGlobalSection
	GlobalSection(SolutionProperties) = preSolution
		HideSolutionNode = FALSE
	EndGlobalSection
	GlobalSection(ExtensibilityGlobals) = postSolution
		SolutionGuid = {5979E315-9A26-4A54-883C-8781946914DD}
	EndGlobalSection
EndGlobal
